
Microsoft Visual Studio Solution File, Format Version 12.00
# Visual Studio 2012
Project("{2150E333-8FDC-42A3-9474-1A3956D46DE8}") = "Examples", "Examples", "{FCBA8677-E00B-429D-9FCF-DEB12CE0371E}"
EndProject
Project("{FAE04EC0-301F-11D3-BF4B-00C04F79EFBC}") = "ExamplesChat.WPF", "ExamplesChat.WPF\ExamplesChat.WPF.csproj", "{1041C66C-6920-4D19-A922-C58783587F2F}"
EndProject
Project("{FAE04EC0-301F-11D3-BF4B-00C04F79EFBC}") = "ExamplesConsole", "ExamplesConsole\ExamplesConsole.csproj", "{8EFAC467-5DE2-4AC8-B90F-45E215BD9C20}"
EndProject
Project("{FAE04EC0-301F-11D3-BF4B-00C04F79EFBC}") = "ExamplesFileTransfer.WPF", "ExamplesFileTransfer.WPF\ExamplesFileTransfer.WPF.csproj", "{5BBA9805-E1B5-45D8-927F-4DAD95F1466B}"
EndProject
Project("{FAE04EC0-301F-11D3-BF4B-00C04F79EFBC}") = "DistributedFileSystem", "DistributedFileSystem\DistributedFileSystem.csproj", "{5CB68F8C-6002-45D2-9C5F-AE7CF455EB6E}"
EndProject
Project("{FAE04EC0-301F-11D3-BF4B-00C04F79EFBC}") = "DLLAssemble", "DLLAssemble\DLLAssemble.csproj", "{27561AE2-E384-47F8-9341-203434A37293}"
EndProject
Project("{FAE04EC0-301F-11D3-BF4B-00C04F79EFBC}") = "NetworkCommsDotNet", "NetworkCommsDotNet\NetworkCommsDotNet.csproj", "{7DB00305-F5ED-4545-9D83-542132C8177E}"
EndProject
Project("{FAE04EC0-301F-11D3-BF4B-00C04F79EFBC}") = "ProtobufSerializer", "ProtobufSerializer\ProtobufSerializer.csproj", "{F27E4076-1DDC-485F-9A75-915A74D7958D}"
EndProject
Project("{FAE04EC0-301F-11D3-BF4B-00C04F79EFBC}") = "QuickLZCompressor", "QuickLZCompressor\QuickLZCompressor.csproj", "{B659339D-A958-4F33-96E6-3A0CCFCBC5C1}"
EndProject
Project("{FAE04EC0-301F-11D3-BF4B-00C04F79EFBC}") = "RemoteProcedureCalls", "RemoteProcedureCalls\RemoteProcedureCalls.csproj", "{BFB67E36-9DF1-473D-B5DC-D94C5199C624}"
EndProject
Project("{FAE04EC0-301F-11D3-BF4B-00C04F79EFBC}") = "SharpZipLibCompressor", "SharpZipLibCompressor\SharpZipLibCompressor.csproj", "{E10B41F4-696D-465C-963D-086488E2B6AA}"
EndProject
Project("{2150E333-8FDC-42A3-9474-1A3956D46DE8}") = "Platforms", "Platforms", "{1BD23037-6ED8-406A-9774-08B7EC40C29F}"
EndProject
Project("{2150E333-8FDC-42A3-9474-1A3956D46DE8}") = "Net35", "Net35", "{E88AF8BE-DEDB-4EF6-98ED-C8A85D1763D9}"
EndProject
Project("{FAE04EC0-301F-11D3-BF4B-00C04F79EFBC}") = "MergedDllBuild", "Platforms\Net35\MergedDllBuild\MergedDllBuild.csproj", "{A238A786-41C6-494F-894D-67E5AE927043}"
EndProject
Project("{FAE04EC0-301F-11D3-BF4B-00C04F79EFBC}") = "NetworkCommsDotNet", "Platforms\Net35\NetworkCommsDotNet\NetworkCommsDotNet.csproj", "{220024A8-7ABF-42A6-A476-0684C1E65110}"
EndProject
Project("{FAE04EC0-301F-11D3-BF4B-00C04F79EFBC}") = "ProtobufSerializer", "Platforms\Net35\ProtobufSerializer\ProtobufSerializer.csproj", "{976612E0-8013-45E1-A85D-170653523938}"
EndProject
Project("{FAE04EC0-301F-11D3-BF4B-00C04F79EFBC}") = "QuickLZCompressor", "Platforms\Net35\QuickLZCompressor\QuickLZCompressor.csproj", "{D61EA64F-C690-4F1C-A39F-CADB5F469715}"
EndProject
Project("{FAE04EC0-301F-11D3-BF4B-00C04F79EFBC}") = "SharpZipLibCompressor", "Platforms\Net35\SharpZipLibCompressor\SharpZipLibCompressor.csproj", "{775281EB-1028-4CB7-B2F0-A013CE6FA1ED}"
EndProject
Project("{2150E333-8FDC-42A3-9474-1A3956D46DE8}") = "Net40", "Net40", "{C0C3BACA-B155-48E3-A340-3F93A4D04BE0}"
EndProject
Project("{FAE04EC0-301F-11D3-BF4B-00C04F79EFBC}") = "JSONSerializer", "Platforms\Net40\JSONSerializer\JSONSerializer.csproj", "{70A3F4D5-38DE-4A18-9F28-A7D67755BFDC}"
EndProject
Project("{FAE04EC0-301F-11D3-BF4B-00C04F79EFBC}") = "MergedDllBuild", "Platforms\Net40\MergedDllBuild\MergedDllBuild.csproj", "{30E2B005-5209-4021-8D77-FF03712134F0}"
EndProject
Project("{FAE04EC0-301F-11D3-BF4B-00C04F79EFBC}") = "NetworkCommsDotNet", "Platforms\Net40\NetworkCommsDotNet\NetworkCommsDotNet.csproj", "{B0FD9F50-A375-44DD-AAAE-CCC2F94A99D1}"
EndProject
Project("{FAE04EC0-301F-11D3-BF4B-00C04F79EFBC}") = "ProtobufSerializer", "Platforms\Net40\ProtobufSerializer\ProtobufSerializer.csproj", "{62977BE8-428B-4683-A098-4E3F588B3F7E}"
EndProject
Project("{FAE04EC0-301F-11D3-BF4B-00C04F79EFBC}") = "QuickLZCompressor", "Platforms\Net40\QuickLZCompressor\QuickLZCompressor.csproj", "{847B756A-5952-4E07-9CA9-33EDA38F6020}"
EndProject
Project("{FAE04EC0-301F-11D3-BF4B-00C04F79EFBC}") = "SharpZipLibCompressor", "Platforms\Net40\SharpZipLibCompressor\SharpZipLibCompressor.csproj", "{F27F6581-D3FF-4EF1-8DC6-8DF8E53E4132}"
EndProject
Project("{2150E333-8FDC-42A3-9474-1A3956D46DE8}") = "Misc", "Misc", "{E18C63C3-125C-4220-A569-5904DB99E78C}"
EndProject
Global
	GlobalSection(SolutionConfigurationPlatforms) = preSolution
		Debug|Any CPU = Debug|Any CPU
		Release|Any CPU = Release|Any CPU
	EndGlobalSection
	GlobalSection(ProjectConfigurationPlatforms) = postSolution
		{1041C66C-6920-4D19-A922-C58783587F2F}.Debug|Any CPU.ActiveCfg = Debug|Any CPU
		{1041C66C-6920-4D19-A922-C58783587F2F}.Debug|Any CPU.Build.0 = Debug|Any CPU
		{1041C66C-6920-4D19-A922-C58783587F2F}.Release|Any CPU.ActiveCfg = Release|Any CPU
		{1041C66C-6920-4D19-A922-C58783587F2F}.Release|Any CPU.Build.0 = Release|Any CPU
		{8EFAC467-5DE2-4AC8-B90F-45E215BD9C20}.Debug|Any CPU.ActiveCfg = Debug|Any CPU
		{8EFAC467-5DE2-4AC8-B90F-45E215BD9C20}.Debug|Any CPU.Build.0 = Debug|Any CPU
		{8EFAC467-5DE2-4AC8-B90F-45E215BD9C20}.Release|Any CPU.ActiveCfg = Release|Any CPU
		{8EFAC467-5DE2-4AC8-B90F-45E215BD9C20}.Release|Any CPU.Build.0 = Release|Any CPU
		{5BBA9805-E1B5-45D8-927F-4DAD95F1466B}.Debug|Any CPU.ActiveCfg = Debug|Any CPU
		{5BBA9805-E1B5-45D8-927F-4DAD95F1466B}.Debug|Any CPU.Build.0 = Debug|Any CPU
		{5BBA9805-E1B5-45D8-927F-4DAD95F1466B}.Release|Any CPU.ActiveCfg = Release|Any CPU
		{5BBA9805-E1B5-45D8-927F-4DAD95F1466B}.Release|Any CPU.Build.0 = Release|Any CPU
		{5CB68F8C-6002-45D2-9C5F-AE7CF455EB6E}.Debug|Any CPU.ActiveCfg = Debug|Any CPU
		{5CB68F8C-6002-45D2-9C5F-AE7CF455EB6E}.Debug|Any CPU.Build.0 = Debug|Any CPU
		{5CB68F8C-6002-45D2-9C5F-AE7CF455EB6E}.Release|Any CPU.ActiveCfg = Release|Any CPU
		{5CB68F8C-6002-45D2-9C5F-AE7CF455EB6E}.Release|Any CPU.Build.0 = Release|Any CPU
		{27561AE2-E384-47F8-9341-203434A37293}.Debug|Any CPU.ActiveCfg = Debug|Any CPU
		{27561AE2-E384-47F8-9341-203434A37293}.Debug|Any CPU.Build.0 = Debug|Any CPU
		{27561AE2-E384-47F8-9341-203434A37293}.Release|Any CPU.ActiveCfg = Release|Any CPU
		{27561AE2-E384-47F8-9341-203434A37293}.Release|Any CPU.Build.0 = Release|Any CPU
		{7DB00305-F5ED-4545-9D83-542132C8177E}.Debug|Any CPU.ActiveCfg = Debug|Any CPU
		{7DB00305-F5ED-4545-9D83-542132C8177E}.Debug|Any CPU.Build.0 = Debug|Any CPU
		{7DB00305-F5ED-4545-9D83-542132C8177E}.Release|Any CPU.ActiveCfg = Release|Any CPU
		{7DB00305-F5ED-4545-9D83-542132C8177E}.Release|Any CPU.Build.0 = Release|Any CPU
		{F27E4076-1DDC-485F-9A75-915A74D7958D}.Debug|Any CPU.ActiveCfg = Debug|Any CPU
		{F27E4076-1DDC-485F-9A75-915A74D7958D}.Debug|Any CPU.Build.0 = Debug|Any CPU
		{F27E4076-1DDC-485F-9A75-915A74D7958D}.Release|Any CPU.ActiveCfg = Release|Any CPU
		{F27E4076-1DDC-485F-9A75-915A74D7958D}.Release|Any CPU.Build.0 = Release|Any CPU
		{B659339D-A958-4F33-96E6-3A0CCFCBC5C1}.Debug|Any CPU.ActiveCfg = Debug|Any CPU
		{B659339D-A958-4F33-96E6-3A0CCFCBC5C1}.Debug|Any CPU.Build.0 = Debug|Any CPU
		{B659339D-A958-4F33-96E6-3A0CCFCBC5C1}.Release|Any CPU.ActiveCfg = Release|Any CPU
		{B659339D-A958-4F33-96E6-3A0CCFCBC5C1}.Release|Any CPU.Build.0 = Release|Any CPU
		{BFB67E36-9DF1-473D-B5DC-D94C5199C624}.Debug|Any CPU.ActiveCfg = Debug|Any CPU
		{BFB67E36-9DF1-473D-B5DC-D94C5199C624}.Debug|Any CPU.Build.0 = Debug|Any CPU
		{BFB67E36-9DF1-473D-B5DC-D94C5199C624}.Release|Any CPU.ActiveCfg = Release|Any CPU
		{BFB67E36-9DF1-473D-B5DC-D94C5199C624}.Release|Any CPU.Build.0 = Release|Any CPU
		{E10B41F4-696D-465C-963D-086488E2B6AA}.Debug|Any CPU.ActiveCfg = Debug|Any CPU
		{E10B41F4-696D-465C-963D-086488E2B6AA}.Debug|Any CPU.Build.0 = Debug|Any CPU
		{E10B41F4-696D-465C-963D-086488E2B6AA}.Release|Any CPU.ActiveCfg = Release|Any CPU
		{E10B41F4-696D-465C-963D-086488E2B6AA}.Release|Any CPU.Build.0 = Release|Any CPU
		{A238A786-41C6-494F-894D-67E5AE927043}.Debug|Any CPU.ActiveCfg = Debug|Any CPU
		{A238A786-41C6-494F-894D-67E5AE927043}.Debug|Any CPU.Build.0 = Debug|Any CPU
		{A238A786-41C6-494F-894D-67E5AE927043}.Release|Any CPU.ActiveCfg = Release|Any CPU
		{A238A786-41C6-494F-894D-67E5AE927043}.Release|Any CPU.Build.0 = Release|Any CPU
		{220024A8-7ABF-42A6-A476-0684C1E65110}.Debug|Any CPU.ActiveCfg = Debug|Any CPU
		{220024A8-7ABF-42A6-A476-0684C1E65110}.Debug|Any CPU.Build.0 = Debug|Any CPU
		{220024A8-7ABF-42A6-A476-0684C1E65110}.Release|Any CPU.ActiveCfg = Release|Any CPU
		{220024A8-7ABF-42A6-A476-0684C1E65110}.Release|Any CPU.Build.0 = Release|Any CPU
		{976612E0-8013-45E1-A85D-170653523938}.Debug|Any CPU.ActiveCfg = Debug|Any CPU
		{976612E0-8013-45E1-A85D-170653523938}.Debug|Any CPU.Build.0 = Debug|Any CPU
		{976612E0-8013-45E1-A85D-170653523938}.Release|Any CPU.ActiveCfg = Release|Any CPU
		{976612E0-8013-45E1-A85D-170653523938}.Release|Any CPU.Build.0 = Release|Any CPU
		{D61EA64F-C690-4F1C-A39F-CADB5F469715}.Debug|Any CPU.ActiveCfg = Debug|Any CPU
		{D61EA64F-C690-4F1C-A39F-CADB5F469715}.Debug|Any CPU.Build.0 = Debug|Any CPU
		{D61EA64F-C690-4F1C-A39F-CADB5F469715}.Release|Any CPU.ActiveCfg = Release|Any CPU
		{D61EA64F-C690-4F1C-A39F-CADB5F469715}.Release|Any CPU.Build.0 = Release|Any CPU
		{775281EB-1028-4CB7-B2F0-A013CE6FA1ED}.Debug|Any CPU.ActiveCfg = Debug|Any CPU
		{775281EB-1028-4CB7-B2F0-A013CE6FA1ED}.Debug|Any CPU.Build.0 = Debug|Any CPU
		{775281EB-1028-4CB7-B2F0-A013CE6FA1ED}.Release|Any CPU.ActiveCfg = Release|Any CPU
		{775281EB-1028-4CB7-B2F0-A013CE6FA1ED}.Release|Any CPU.Build.0 = Release|Any CPU
		{70A3F4D5-38DE-4A18-9F28-A7D67755BFDC}.Debug|Any CPU.ActiveCfg = Debug|Any CPU
		{70A3F4D5-38DE-4A18-9F28-A7D67755BFDC}.Debug|Any CPU.Build.0 = Debug|Any CPU
		{70A3F4D5-38DE-4A18-9F28-A7D67755BFDC}.Release|Any CPU.ActiveCfg = Release|Any CPU
		{70A3F4D5-38DE-4A18-9F28-A7D67755BFDC}.Release|Any CPU.Build.0 = Release|Any CPU
		{30E2B005-5209-4021-8D77-FF03712134F0}.Debug|Any CPU.ActiveCfg = Debug|Any CPU
		{30E2B005-5209-4021-8D77-FF03712134F0}.Release|Any CPU.ActiveCfg = Release|Any CPU
		{B0FD9F50-A375-44DD-AAAE-CCC2F94A99D1}.Debug|Any CPU.ActiveCfg = Debug|Any CPU
		{B0FD9F50-A375-44DD-AAAE-CCC2F94A99D1}.Debug|Any CPU.Build.0 = Debug|Any CPU
		{B0FD9F50-A375-44DD-AAAE-CCC2F94A99D1}.Release|Any CPU.ActiveCfg = Release|Any CPU
		{B0FD9F50-A375-44DD-AAAE-CCC2F94A99D1}.Release|Any CPU.Build.0 = Release|Any CPU
		{62977BE8-428B-4683-A098-4E3F588B3F7E}.Debug|Any CPU.ActiveCfg = Debug|Any CPU
		{62977BE8-428B-4683-A098-4E3F588B3F7E}.Debug|Any CPU.Build.0 = Debug|Any CPU
		{62977BE8-428B-4683-A098-4E3F588B3F7E}.Release|Any CPU.ActiveCfg = Release|Any CPU
		{62977BE8-428B-4683-A098-4E3F588B3F7E}.Release|Any CPU.Build.0 = Release|Any CPU
		{847B756A-5952-4E07-9CA9-33EDA38F6020}.Debug|Any CPU.ActiveCfg = Debug|Any CPU
		{847B756A-5952-4E07-9CA9-33EDA38F6020}.Debug|Any CPU.Build.0 = Debug|Any CPU
		{847B756A-5952-4E07-9CA9-33EDA38F6020}.Release|Any CPU.ActiveCfg = Release|Any CPU
		{847B756A-5952-4E07-9CA9-33EDA38F6020}.Release|Any CPU.Build.0 = Release|Any CPU
		{F27F6581-D3FF-4EF1-8DC6-8DF8E53E4132}.Debug|Any CPU.ActiveCfg = Debug|Any CPU
		{F27F6581-D3FF-4EF1-8DC6-8DF8E53E4132}.Debug|Any CPU.Build.0 = Debug|Any CPU
		{F27F6581-D3FF-4EF1-8DC6-8DF8E53E4132}.Release|Any CPU.ActiveCfg = Release|Any CPU
		{F27F6581-D3FF-4EF1-8DC6-8DF8E53E4132}.Release|Any CPU.Build.0 = Release|Any CPU
	EndGlobalSection
	GlobalSection(SolutionProperties) = preSolution
		HideSolutionNode = FALSE
	EndGlobalSection
	GlobalSection(NestedProjects) = preSolution
		{1041C66C-6920-4D19-A922-C58783587F2F} = {FCBA8677-E00B-429D-9FCF-DEB12CE0371E}
		{8EFAC467-5DE2-4AC8-B90F-45E215BD9C20} = {FCBA8677-E00B-429D-9FCF-DEB12CE0371E}
		{5BBA9805-E1B5-45D8-927F-4DAD95F1466B} = {FCBA8677-E00B-429D-9FCF-DEB12CE0371E}
		{5CB68F8C-6002-45D2-9C5F-AE7CF455EB6E} = {FCBA8677-E00B-429D-9FCF-DEB12CE0371E}
		{BFB67E36-9DF1-473D-B5DC-D94C5199C624} = {FCBA8677-E00B-429D-9FCF-DEB12CE0371E}
		{27561AE2-E384-47F8-9341-203434A37293} = {E18C63C3-125C-4220-A569-5904DB99E78C}
		{E88AF8BE-DEDB-4EF6-98ED-C8A85D1763D9} = {1BD23037-6ED8-406A-9774-08B7EC40C29F}
		{C0C3BACA-B155-48E3-A340-3F93A4D04BE0} = {1BD23037-6ED8-406A-9774-08B7EC40C29F}
		{A238A786-41C6-494F-894D-67E5AE927043} = {E88AF8BE-DEDB-4EF6-98ED-C8A85D1763D9}
		{220024A8-7ABF-42A6-A476-0684C1E65110} = {E88AF8BE-DEDB-4EF6-98ED-C8A85D1763D9}
		{976612E0-8013-45E1-A85D-170653523938} = {E88AF8BE-DEDB-4EF6-98ED-C8A85D1763D9}
		{D61EA64F-C690-4F1C-A39F-CADB5F469715} = {E88AF8BE-DEDB-4EF6-98ED-C8A85D1763D9}
		{775281EB-1028-4CB7-B2F0-A013CE6FA1ED} = {E88AF8BE-DEDB-4EF6-98ED-C8A85D1763D9}
		{70A3F4D5-38DE-4A18-9F28-A7D67755BFDC} = {C0C3BACA-B155-48E3-A340-3F93A4D04BE0}
		{30E2B005-5209-4021-8D77-FF03712134F0} = {C0C3BACA-B155-48E3-A340-3F93A4D04BE0}
		{B0FD9F50-A375-44DD-AAAE-CCC2F94A99D1} = {C0C3BACA-B155-48E3-A340-3F93A4D04BE0}
		{62977BE8-428B-4683-A098-4E3F588B3F7E} = {C0C3BACA-B155-48E3-A340-3F93A4D04BE0}
		{847B756A-5952-4E07-9CA9-33EDA38F6020} = {C0C3BACA-B155-48E3-A340-3F93A4D04BE0}
		{F27F6581-D3FF-4EF1-8DC6-8DF8E53E4132} = {C0C3BACA-B155-48E3-A340-3F93A4D04BE0}
	EndGlobalSection
EndGlobal
